<Solution>
  <Folder Name="/src/">
    <Project Path="src/ZeroAlloc.Outbox/ZeroAlloc.Outbox.csproj" />
    <Project Path="src/ZeroAlloc.Outbox.Generator/ZeroAlloc.Outbox.Generator.csproj" />
    <Project Path="src/ZeroAlloc.Outbox.EfCore/ZeroAlloc.Outbox.EfCore.csproj" />
    <Project Path="src/ZeroAlloc.Outbox.InMemory/ZeroAlloc.Outbox.InMemory.csproj" />
    <Project Path="src/ZeroAlloc.Outbox.Dashboard/ZeroAlloc.Outbox.Dashboard.csproj" />
    <Project Path="src/ZeroAlloc.Outbox.Dashboard.Blazor/ZeroAlloc.Outbox.Dashboard.Blazor.csproj" />
  </Folder>
  <Folder Name="/samples/">
    <Project Path="samples/ZeroAlloc.Outbox.AotSmoke/ZeroAlloc.Outbox.AotSmoke.csproj" />
  </Folder>
  <Folder Name="/tests/">
    <Project Path="tests/ZeroAlloc.Outbox.Generator.Tests/ZeroAlloc.Outbox.Generator.Tests.csproj" />
    <Project Path="tests/ZeroAlloc.Outbox.Tests/ZeroAlloc.Outbox.Tests.csproj" />
  </Folder>
</Solution>
